
Microsoft Visual Studio Solution File, Format Version 12.00
# Visual Studio 14
VisualStudioVersion = 14.0.25123.0
MinimumVisualStudioVersion = 10.0.40219.1
Project("{FAE04EC0-301F-11D3-BF4B-00C04F79EFBC}") = "Fakir", "Fakir\Fakir.csproj", "{C541B538-5C85-45C9-9FC2-456A5B075A8A}"
EndProject
Project("{FAE04EC0-301F-11D3-BF4B-00C04F79EFBC}") = "Fakir.Admin", "Fakir.Admin\Fakir.Admin.csproj", "{0E6837DA-DADD-41F2-853A-621C098D78B1}"
EndProject
Project("{FAE04EC0-301F-11D3-BF4B-00C04F79EFBC}") = "Fakir.Web", "Fakir.Web\Fakir.Web.csproj", "{70187A23-60B6-4C76-984E-D46C354D56CE}"
EndProject
Project("{FAE04EC0-301F-11D3-BF4B-00C04F79EFBC}") = "Fakir.EntityFramework", "Fakir.EntityFramework\Fakir.EntityFramework.csproj", "{10CC86A4-6CC0-4EFA-9F2B-8C51BBA1511A}"
EndProject
Project("{FAE04EC0-301F-11D3-BF4B-00C04F79EFBC}") = "Fakir.Web.Api", "Fakir.Web.Api\Fakir.Web.Api.csproj", "{5847E40A-D72C-4A29-9ABF-1E3449BEF40F}"
EndProject
Project("{FAE04EC0-301F-11D3-BF4B-00C04F79EFBC}") = "Fakir.Web.Mvc", "Fakir.Web.Mvc\Fakir.Web.Mvc.csproj", "{FC724E62-04D3-4C65-9C27-9AF530A80D06}"
EndProject
Project("{FAE04EC0-301F-11D3-BF4B-00C04F79EFBC}") = "Fakir.Metting", "Fakir.Metting\Fakir.Metting.csproj", "{1E7D495B-1CE2-4F69-9F83-8DBDEB30C6E6}"
EndProject
Global
	GlobalSection(SolutionConfigurationPlatforms) = preSolution
		Debug|Any CPU = Debug|Any CPU
		Release|Any CPU = Release|Any CPU
	EndGlobalSection
	GlobalSection(ProjectConfigurationPlatforms) = postSolution
		{C541B538-5C85-45C9-9FC2-456A5B075A8A}.Debug|Any CPU.ActiveCfg = Debug|Any CPU
		{C541B538-5C85-45C9-9FC2-456A5B075A8A}.Debug|Any CPU.Build.0 = Debug|Any CPU
		{C541B538-5C85-45C9-9FC2-456A5B075A8A}.Release|Any CPU.ActiveCfg = Release|Any CPU
		{C541B538-5C85-45C9-9FC2-456A5B075A8A}.Release|Any CPU.Build.0 = Release|Any CPU
		{0E6837DA-DADD-41F2-853A-621C098D78B1}.Debug|Any CPU.ActiveCfg = Debug|Any CPU
		{0E6837DA-DADD-41F2-853A-621C098D78B1}.Debug|Any CPU.Build.0 = Debug|Any CPU
		{0E6837DA-DADD-41F2-853A-621C098D78B1}.Release|Any CPU.ActiveCfg = Release|Any CPU
		{0E6837DA-DADD-41F2-853A-621C098D78B1}.Release|Any CPU.Build.0 = Release|Any CPU
		{70187A23-60B6-4C76-984E-D46C354D56CE}.Debug|Any CPU.ActiveCfg = Debug|Any CPU
		{70187A23-60B6-4C76-984E-D46C354D56CE}.Debug|Any CPU.Build.0 = Debug|Any CPU
		{70187A23-60B6-4C76-984E-D46C354D56CE}.Release|Any CPU.ActiveCfg = Release|Any CPU
		{70187A23-60B6-4C76-984E-D46C354D56CE}.Release|Any CPU.Build.0 = Release|Any CPU
		{10CC86A4-6CC0-4EFA-9F2B-8C51BBA1511A}.Debug|Any CPU.ActiveCfg = Debug|Any CPU
		{10CC86A4-6CC0-4EFA-9F2B-8C51BBA1511A}.Debug|Any CPU.Build.0 = Debug|Any CPU
		{10CC86A4-6CC0-4EFA-9F2B-8C51BBA1511A}.Release|Any CPU.ActiveCfg = Release|Any CPU
		{10CC86A4-6CC0-4EFA-9F2B-8C51BBA1511A}.Release|Any CPU.Build.0 = Release|Any CPU
		{5847E40A-D72C-4A29-9ABF-1E3449BEF40F}.Debug|Any CPU.ActiveCfg = Debug|Any CPU
		{5847E40A-D72C-4A29-9ABF-1E3449BEF40F}.Debug|Any CPU.Build.0 = Debug|Any CPU
		{5847E40A-D72C-4A29-9ABF-1E3449BEF40F}.Release|Any CPU.ActiveCfg = Release|Any CPU
		{5847E40A-D72C-4A29-9ABF-1E3449BEF40F}.Release|Any CPU.Build.0 = Release|Any CPU
		{FC724E62-04D3-4C65-9C27-9AF530A80D06}.Debug|Any CPU.ActiveCfg = Debug|Any CPU
		{FC724E62-04D3-4C65-9C27-9AF530A80D06}.Debug|Any CPU.Build.0 = Debug|Any CPU
		{FC724E62-04D3-4C65-9C27-9AF530A80D06}.Release|Any CPU.ActiveCfg = Release|Any CPU
		{FC724E62-04D3-4C65-9C27-9AF530A80D06}.Release|Any CPU.Build.0 = Release|Any CPU
		{1E7D495B-1CE2-4F69-9F83-8DBDEB30C6E6}.Debug|Any CPU.ActiveCfg = Debug|Any CPU
		{1E7D495B-1CE2-4F69-9F83-8DBDEB30C6E6}.Debug|Any CPU.Build.0 = Debug|Any CPU
		{1E7D495B-1CE2-4F69-9F83-8DBDEB30C6E6}.Release|Any CPU.ActiveCfg = Release|Any CPU
		{1E7D495B-1CE2-4F69-9F83-8DBDEB30C6E6}.Release|Any CPU.Build.0 = Release|Any CPU
	EndGlobalSection
	GlobalSection(SolutionProperties) = preSolution
		HideSolutionNode = FALSE
	EndGlobalSection
EndGlobal
